<?xml version="1.0" encoding="utf-8"?>
<Project ToolsVersion="4.0" xmlns="http://schemas.microsoft.com/developer/msbuild/2003">
  <ItemGroup>
    <Filter Include="Generated Files">
      <UniqueIdentifier>{71ED8ED8-ACB9-4CE9-BBE1-E00B30144E11}</UniqueIdentifier>
      <Extensions>moc;h;cpp</Extensions>
      <SourceControlFiles>False</SourceControlFiles>
    </Filter>
    <Filter Include="Generated Files\Debug">
      <UniqueIdentifier>{79d71a00-efd3-41b3-848f-00b8ab06f10a}</UniqueIdentifier>
      <Extensions>cpp;moc</Extensions>
      <SourceControlFiles>False</SourceControlFiles>
    </Filter>
    <Filter Include="Generated Files\Release">
      <UniqueIdentifier>{ceed49b9-a555-42aa-98d3-dd29d135fcc7}</UniqueIdentifier>
      <Extensions>cpp;moc</Extensions>
      <SourceControlFiles>False</SourceControlFiles>
    </Filter>
    <Filter Include="code">
      <UniqueIdentifier>{f5f5025a-e051-4b0b-91df-d380ca6ad818}</UniqueIdentifier>
    </Filter>
    <Filter Include="DB">
      <UniqueIdentifier>{6c2a4734-0537-4cb7-b98f-98e0607a55b3}</UniqueIdentifier>
    </Filter>
    <Filter Include="network">
      <UniqueIdentifier>{13001c6f-8652-4682-8462-5eac0ad8562f}</UniqueIdentifier>
    </Filter>
    <Filter Include="packets">
      <UniqueIdentifier>{2f3dfc14-68ad-4cb0-96f4-de56b8999264}</UniqueIdentifier>
    </Filter>
    <Filter Include="test">
      <UniqueIdentifier>{feaaffd4-8502-4927-b581-03a913d0a5a4}</UniqueIdentifier>
    </Filter>
    <Filter Include="packets\server">
      <UniqueIdentifier>{9b7e969e-367c-4be5-9164-663e2efa2069}</UniqueIdentifier>
    </Filter>
    <Filter Include="packets\client">
      <UniqueIdentifier>{dec4ad1d-4546-4bdb-b305-285d0d2a81b6}</UniqueIdentifier>
    </Filter>
    <Filter Include="network\httpServer">
      <UniqueIdentifier>{acb01129-212c-493c-8682-c7ffd922a639}</UniqueIdentifier>
    </Filter>
    <Filter Include="Source Files">
      <UniqueIdentifier>{4FC737F1-C7A5-4376-A066-2A32D752A2FF}</UniqueIdentifier>
      <Extensions>cpp;cxx;c;def</Extensions>
      <ParseFiles>true</ParseFiles>
    </Filter>
    <Filter Include="Header Files">
      <UniqueIdentifier>{93995380-89BD-4b04-88EB-625FBE52EBFB}</UniqueIdentifier>
      <Extensions>h</Extensions>
      <ParseFiles>true</ParseFiles>
    </Filter>
  </ItemGroup>
  <ItemGroup>
    <ClCompile Include="code\AbstractParseJson.cpp">
      <Filter>code</Filter>
    </ClCompile>
    <ClCompile Include="GeneratedFiles\Debug\moc_AbstractParseJson.cpp">
      <Filter>Generated Files\Debug</Filter>
    </ClCompile>
    <ClCompile Include="GeneratedFiles\Release\moc_AbstractParseJson.cpp">
      <Filter>Generated Files\Release</Filter>
    </ClCompile>
    <ClCompile Include="code\Error.cpp">
      <Filter>code</Filter>
    </ClCompile>
    <ClCompile Include="code\FunctionHashTable.cpp">
      <Filter>code</Filter>
    </ClCompile>
    <ClCompile Include="code\main.cpp">
      <Filter>code</Filter>
    </ClCompile>
    <ClCompile Include="code\Packet.cpp">
      <Filter>code</Filter>
    </ClCompile>
    <ClCompile Include="GeneratedFiles\Debug\moc_Packet.cpp">
      <Filter>Generated Files\Debug</Filter>
    </ClCompile>
    <ClCompile Include="GeneratedFiles\Release\moc_Packet.cpp">
      <Filter>Generated Files\Release</Filter>
    </ClCompile>
    <ClCompile Include="GeneratedFiles\Debug\moc_Range.cpp">
      <Filter>Generated Files\Debug</Filter>
    </ClCompile>
    <ClCompile Include="GeneratedFiles\Release\moc_Range.cpp">
      <Filter>Generated Files\Release</Filter>
    </ClCompile>
    <ClCompile Include="code\SettingHelper.cpp">
      <Filter>code</Filter>
    </ClCompile>
    <ClCompile Include="code\SettingInfo.cpp">
      <Filter>code</Filter>
    </ClCompile>
    <ClCompile Include="GeneratedFiles\Debug\moc_SettingInfo.cpp">
      <Filter>Generated Files\Debug</Filter>
    </ClCompile>
    <ClCompile Include="GeneratedFiles\Release\moc_SettingInfo.cpp">
      <Filter>Generated Files\Release</Filter>
    </ClCompile>
    <ClCompile Include="code\stdafx.cpp">
      <Filter>code</Filter>
    </ClCompile>
    <ClCompile Include="code\Terminal.cpp">
      <Filter>code</Filter>
    </ClCompile>
    <ClCompile Include="DB\DBModule.cpp">
      <Filter>DB</Filter>
    </ClCompile>
    <ClCompile Include="DB\MSSQLConnectionHelper.cpp">
      <Filter>DB</Filter>
    </ClCompile>
    <ClCompile Include="network\NetLogicMainProcess.cpp">
      <Filter>network</Filter>
    </ClCompile>
    <ClCompile Include="GeneratedFiles\Debug\moc_NetLogicMainProcess.cpp">
      <Filter>Generated Files\Debug</Filter>
    </ClCompile>
    <ClCompile Include="GeneratedFiles\Release\moc_NetLogicMainProcess.cpp">
      <Filter>Generated Files\Release</Filter>
    </ClCompile>
    <ClCompile Include="network\NetServerControl.cpp">
      <Filter>network</Filter>
    </ClCompile>
    <ClCompile Include="GeneratedFiles\Debug\moc_NetServerControl.cpp">
      <Filter>Generated Files\Debug</Filter>
    </ClCompile>
    <ClCompile Include="GeneratedFiles\Release\moc_NetServerControl.cpp">
      <Filter>Generated Files\Release</Filter>
    </ClCompile>
    <ClCompile Include="network\Transaction.cpp">
      <Filter>network</Filter>
    </ClCompile>
    <ClCompile Include="GeneratedFiles\Debug\moc_Transaction.cpp">
      <Filter>Generated Files\Debug</Filter>
    </ClCompile>
    <ClCompile Include="GeneratedFiles\Release\moc_Transaction.cpp">
      <Filter>Generated Files\Release</Filter>
    </ClCompile>
    <ClCompile Include="network\InstantiationPacketHelper.cpp">
      <Filter>network</Filter>
    </ClCompile>
    <ClCompile Include="GeneratedFiles\Debug\moc_ApplaudZhiFan.cpp">
      <Filter>Generated Files\Debug</Filter>
    </ClCompile>
    <ClCompile Include="GeneratedFiles\Release\moc_ApplaudZhiFan.cpp">
      <Filter>Generated Files\Release</Filter>
    </ClCompile>
    <ClCompile Include="GeneratedFiles\Debug\moc_CommentResponse.cpp">
      <Filter>Generated Files\Debug</Filter>
    </ClCompile>
    <ClCompile Include="GeneratedFiles\Release\moc_CommentResponse.cpp">
      <Filter>Generated Files\Release</Filter>
    </ClCompile>
    <ClCompile Include="GeneratedFiles\Debug\moc_CompleteZhiFan.cpp">
      <Filter>Generated Files\Debug</Filter>
    </ClCompile>
    <ClCompile Include="GeneratedFiles\Release\moc_CompleteZhiFan.cpp">
      <Filter>Generated Files\Release</Filter>
    </ClCompile>
    <ClCompile Include="GeneratedFiles\Debug\moc_GetOneZhiFanPublish.cpp">
      <Filter>Generated Files\Debug</Filter>
    </ClCompile>
    <ClCompile Include="GeneratedFiles\Release\moc_GetOneZhiFanPublish.cpp">
      <Filter>Generated Files\Release</Filter>
    </ClCompile>
    <ClCompile Include="GeneratedFiles\Debug\moc_GetZhiFanPublishPageOfRange.cpp">
      <Filter>Generated Files\Debug</Filter>
    </ClCompile>
    <ClCompile Include="GeneratedFiles\Release\moc_GetZhiFanPublishPageOfRange.cpp">
      <Filter>Generated Files\Release</Filter>
    </ClCompile>
    <ClCompile Include="GeneratedFiles\Debug\moc_Identity.cpp">
      <Filter>Generated Files\Debug</Filter>
    </ClCompile>
    <ClCompile Include="GeneratedFiles\Release\moc_Identity.cpp">
      <Filter>Generated Files\Release</Filter>
    </ClCompile>
    <ClCompile Include="GeneratedFiles\Debug\moc_Login.cpp">
      <Filter>Generated Files\Debug</Filter>
    </ClCompile>
    <ClCompile Include="GeneratedFiles\Release\moc_Login.cpp">
      <Filter>Generated Files\Release</Filter>
    </ClCompile>
    <ClCompile Include="GeneratedFiles\Debug\moc_PublishZhiFan.cpp">
      <Filter>Generated Files\Debug</Filter>
    </ClCompile>
    <ClCompile Include="GeneratedFiles\Release\moc_PublishZhiFan.cpp">
      <Filter>Generated Files\Release</Filter>
    </ClCompile>
    <ClCompile Include="GeneratedFiles\Debug\moc_PullUserCenter.cpp">
      <Filter>Generated Files\Debug</Filter>
    </ClCompile>
    <ClCompile Include="GeneratedFiles\Release\moc_PullUserCenter.cpp">
      <Filter>Generated Files\Release</Filter>
    </ClCompile>
    <ClCompile Include="GeneratedFiles\Debug\moc_Register.cpp">
      <Filter>Generated Files\Debug</Filter>
    </ClCompile>
    <ClCompile Include="GeneratedFiles\Release\moc_Register.cpp">
      <Filter>Generated Files\Release</Filter>
    </ClCompile>
    <ClCompile Include="GeneratedFiles\Debug\moc_ResponseZhiFan.cpp">
      <Filter>Generated Files\Debug</Filter>
    </ClCompile>
    <ClCompile Include="GeneratedFiles\Release\moc_ResponseZhiFan.cpp">
      <Filter>Generated Files\Release</Filter>
    </ClCompile>
    <ClCompile Include="GeneratedFiles\Debug\moc_SearchZhiFan.cpp">
      <Filter>Generated Files\Debug</Filter>
    </ClCompile>
    <ClCompile Include="GeneratedFiles\Release\moc_SearchZhiFan.cpp">
      <Filter>Generated Files\Release</Filter>
    </ClCompile>
    <ClCompile Include="GeneratedFiles\Debug\moc_ResponseGetOneZhiFanPublish.cpp">
      <Filter>Generated Files\Debug</Filter>
    </ClCompile>
    <ClCompile Include="GeneratedFiles\Release\moc_ResponseGetOneZhiFanPublish.cpp">
      <Filter>Generated Files\Release</Filter>
    </ClCompile>
    <ClCompile Include="GeneratedFiles\Debug\moc_ResponseGetZhiFanPublishPageOfRange.cpp">
      <Filter>Generated Files\Debug</Filter>
    </ClCompile>
    <ClCompile Include="GeneratedFiles\Release\moc_ResponseGetZhiFanPublishPageOfRange.cpp">
      <Filter>Generated Files\Release</Filter>
    </ClCompile>
    <ClCompile Include="GeneratedFiles\Debug\moc_ResponseLogin.cpp">
      <Filter>Generated Files\Debug</Filter>
    </ClCompile>
    <ClCompile Include="GeneratedFiles\Release\moc_ResponseLogin.cpp">
      <Filter>Generated Files\Release</Filter>
    </ClCompile>
    <ClCompile Include="GeneratedFiles\Debug\moc_ResponsePullUserCenter.cpp">
      <Filter>Generated Files\Debug</Filter>
    </ClCompile>
    <ClCompile Include="GeneratedFiles\Release\moc_ResponsePullUserCenter.cpp">
      <Filter>Generated Files\Release</Filter>
    </ClCompile>
    <ClCompile Include="GeneratedFiles\Debug\moc_ResponseSearchZhiFan.cpp">
      <Filter>Generated Files\Debug</Filter>
    </ClCompile>
    <ClCompile Include="GeneratedFiles\Release\moc_ResponseSearchZhiFan.cpp">
      <Filter>Generated Files\Release</Filter>
    </ClCompile>
    <ClCompile Include="GeneratedFiles\Debug\moc_ServerBackPacket.cpp">
      <Filter>Generated Files\Debug</Filter>
    </ClCompile>
    <ClCompile Include="GeneratedFiles\Release\moc_ServerBackPacket.cpp">
      <Filter>Generated Files\Release</Filter>
    </ClCompile>
    <ClCompile Include="GeneratedFiles\Debug\moc_ZhiFanPublishBriefOne.cpp">
      <Filter>Generated Files\Debug</Filter>
    </ClCompile>
    <ClCompile Include="GeneratedFiles\Release\moc_ZhiFanPublishBriefOne.cpp">
      <Filter>Generated Files\Release</Filter>
    </ClCompile>
    <ClCompile Include="GeneratedFiles\Debug\moc_ZhiFanPublishOne.cpp">
      <Filter>Generated Files\Debug</Filter>
    </ClCompile>
    <ClCompile Include="GeneratedFiles\Release\moc_ZhiFanPublishOne.cpp">
      <Filter>Generated Files\Release</Filter>
    </ClCompile>
    <ClCompile Include="network\httpServer\HttpRequestParser.cpp">
      <Filter>network\httpServer</Filter>
    </ClCompile>
    <ClCompile Include="GeneratedFiles\Debug\moc_HttpRequestParser.cpp">
      <Filter>Generated Files\Debug</Filter>
    </ClCompile>
    <ClCompile Include="GeneratedFiles\Release\moc_HttpRequestParser.cpp">
      <Filter>Generated Files\Release</Filter>
    </ClCompile>
    <ClCompile Include="network\httpServer\HttpResponseHelper.cpp">
      <Filter>network\httpServer</Filter>
    </ClCompile>
    <ClCompile Include="GeneratedFiles\Debug\moc_HttpResponseHelper.cpp">
      <Filter>Generated Files\Debug</Filter>
    </ClCompile>
    <ClCompile Include="GeneratedFiles\Release\moc_HttpResponseHelper.cpp">
      <Filter>Generated Files\Release</Filter>
    </ClCompile>
    <ClCompile Include="network\httpServer\HttpServer.cpp">
      <Filter>network\httpServer</Filter>
    </ClCompile>
    <ClCompile Include="GeneratedFiles\Debug\moc_HttpServer.cpp">
      <Filter>Generated Files\Debug</Filter>
    </ClCompile>
    <ClCompile Include="GeneratedFiles\Release\moc_HttpServer.cpp">
      <Filter>Generated Files\Release</Filter>
    </ClCompile>
    <ClCompile Include="network\httpServer\HttpWorker.cpp">
      <Filter>network\httpServer</Filter>
    </ClCompile>
    <ClCompile Include="GeneratedFiles\Debug\moc_HttpWorker.cpp">
      <Filter>Generated Files\Debug</Filter>
    </ClCompile>
    <ClCompile Include="GeneratedFiles\Release\moc_HttpWorker.cpp">
      <Filter>Generated Files\Release</Filter>
    </ClCompile>
    <ClCompile Include="GeneratedFiles\Debug\moc_TestPacket.cpp">
      <Filter>Generated Files\Debug</Filter>
    </ClCompile>
    <ClCompile Include="GeneratedFiles\Release\moc_TestPacket.cpp">
      <Filter>Generated Files\Release</Filter>
    </ClCompile>
    <ClCompile Include="network\httpServer\HttpQueryDataObject.cpp">
      <Filter>network\httpServer</Filter>
    </ClCompile>
    <ClCompile Include="GeneratedFiles\Debug\moc_HttpQueryDataObject.cpp">
      <Filter>Generated Files\Debug</Filter>
    </ClCompile>
    <ClCompile Include="GeneratedFiles\Release\moc_HttpQueryDataObject.cpp">
      <Filter>Generated Files\Release</Filter>
    </ClCompile>
  </ItemGroup>
  <ItemGroup>
    <CustomBuild Include="code\AbstractParseJson.h">
      <Filter>code</Filter>
    </CustomBuild>
    <CustomBuild Include="code\Packet.h">
      <Filter>code</Filter>
    </CustomBuild>
    <CustomBuild Include="code\Range.h">
      <Filter>code</Filter>
    </CustomBuild>
    <CustomBuild Include="code\SettingInfo.h">
      <Filter>code</Filter>
    </CustomBuild>
    <CustomBuild Include="network\NetLogicMainProcess.h">
      <Filter>network</Filter>
    </CustomBuild>
    <CustomBuild Include="network\NetServerControl.h">
      <Filter>network</Filter>
    </CustomBuild>
    <CustomBuild Include="network\Transaction.h">
      <Filter>network</Filter>
    </CustomBuild>
    <CustomBuild Include="packets\client\ApplaudZhiFan.h">
      <Filter>packets\client</Filter>
    </CustomBuild>
    <CustomBuild Include="packets\client\CommentResponse.h">
      <Filter>packets\client</Filter>
    </CustomBuild>
    <CustomBuild Include="packets\client\CompleteZhiFan.h">
      <Filter>packets\client</Filter>
    </CustomBuild>
    <CustomBuild Include="packets\client\GetOneZhiFanPublish.h">
      <Filter>packets\client</Filter>
    </CustomBuild>
    <CustomBuild Include="packets\client\GetZhiFanPublishPageOfRange.h">
      <Filter>packets\client</Filter>
    </CustomBuild>
    <CustomBuild Include="packets\client\Identity.h">
      <Filter>packets\client</Filter>
    </CustomBuild>
    <CustomBuild Include="packets\client\Login.h">
      <Filter>packets\client</Filter>
    </CustomBuild>
    <CustomBuild Include="packets\client\PublishZhiFan.h">
      <Filter>packets\client</Filter>
    </CustomBuild>
    <CustomBuild Include="packets\client\PullUserCenter.h">
      <Filter>packets\client</Filter>
    </CustomBuild>
    <CustomBuild Include="packets\client\Register.h">
      <Filter>packets\client</Filter>
    </CustomBuild>
    <CustomBuild Include="packets\client\ResponseZhiFan.h">
      <Filter>packets\client</Filter>
    </CustomBuild>
    <CustomBuild Include="packets\client\SearchZhiFan.h">
      <Filter>packets\client</Filter>
    </CustomBuild>
    <CustomBuild Include="packets\server\ResponseGetOneZhiFanPublish.h">
      <Filter>packets\server</Filter>
    </CustomBuild>
    <CustomBuild Include="packets\server\ResponseGetZhiFanPublishPageOfRange.h">
      <Filter>packets\server</Filter>
    </CustomBuild>
    <CustomBuild Include="packets\server\ResponseLogin.h">
      <Filter>packets\server</Filter>
    </CustomBuild>
    <CustomBuild Include="packets\server\ResponsePullUserCenter.h">
      <Filter>packets\server</Filter>
    </CustomBuild>
    <CustomBuild Include="packets\server\ResponseSearchZhiFan.h">
      <Filter>packets\server</Filter>
    </CustomBuild>
    <CustomBuild Include="packets\server\ServerBackPacket.h">
      <Filter>packets\server</Filter>
    </CustomBuild>
    <CustomBuild Include="packets\server\ZhiFanPublishBriefOne.h">
      <Filter>packets\server</Filter>
    </CustomBuild>
    <CustomBuild Include="packets\server\ZhiFanPublishOne.h">
      <Filter>packets\server</Filter>
    </CustomBuild>
    <CustomBuild Include="network\httpServer\HttpRequestParser.h">
      <Filter>network\httpServer</Filter>
    </CustomBuild>
    <CustomBuild Include="network\httpServer\HttpResponseHelper.h">
      <Filter>network\httpServer</Filter>
    </CustomBuild>
    <CustomBuild Include="network\httpServer\HttpServer.h">
      <Filter>network\httpServer</Filter>
    </CustomBuild>
    <CustomBuild Include="network\httpServer\HttpWorker.h">
      <Filter>network\httpServer</Filter>
    </CustomBuild>
    <CustomBuild Include="test\TestPacket.h">
      <Filter>test</Filter>
    </CustomBuild>
    <CustomBuild Include="network\httpServer\HttpQueryDataObject.h">
      <Filter>network\httpServer</Filter>
    </CustomBuild>
  </ItemGroup>
  <ItemGroup>
    <ClInclude Include="code\defs.h">
      <Filter>code</Filter>
    </ClInclude>
    <ClInclude Include="code\Error.h">
      <Filter>code</Filter>
    </ClInclude>
    <ClInclude Include="code\FunctionHashTable.h">
      <Filter>code</Filter>
    </ClInclude>
    <ClInclude Include="code\NetCommunicationProtocol.h">
      <Filter>code</Filter>
    </ClInclude>
    <ClInclude Include="code\SettingHelper.h">
      <Filter>code</Filter>
    </ClInclude>
    <ClInclude Include="code\stdafx.h">
      <Filter>code</Filter>
    </ClInclude>
    <ClInclude Include="code\Terminal.h">
      <Filter>code</Filter>
    </ClInclude>
    <ClInclude Include="DB\DBModule.h">
      <Filter>DB</Filter>
    </ClInclude>
    <ClInclude Include="DB\MSSQLConnectionHelper.h">
      <Filter>DB</Filter>
    </ClInclude>
    <ClInclude Include="network\InstantiationPacketHelper.h">
      <Filter>network</Filter>
    </ClInclude>
    <ClInclude Include="network\packets.h">
      <Filter>network</Filter>
    </ClInclude>
  </ItemGroup>
</Project>